<?xml version="1.0" encoding="utf-8"?>
<Project ToolsVersion="4.0" xmlns="http://schemas.microsoft.com/developer/msbuild/2003">
  <ItemGroup>
    <Filter Include="소스 파일">
      <UniqueIdentifier>{4FC737F1-C7A5-4376-A066-2A32D752A2FF}</UniqueIdentifier>
      <Extensions>cpp;c;cc;cxx;c++;cppm;ixx;def;odl;idl;hpj;bat;asm;asmx</Extensions>
    </Filter>
    <Filter Include="헤더 파일">
      <UniqueIdentifier>{93995380-89BD-4b04-88EB-625FBE52EBFB}</UniqueIdentifier>
      <Extensions>h;hh;hpp;hxx;h++;hm;inl;inc;ipp;xsd</Extensions>
    </Filter>
    <Filter Include="리소스 파일">
      <UniqueIdentifier>{67DA6AB6-F800-4c08-8B7A-83BB121AAD01}</UniqueIdentifier>
      <Extensions>rc;ico;cur;bmp;dlg;rc2;rct;bin;rgs;gif;jpg;jpeg;jpe;resx;tiff;tif;png;wav;mfcribbon-ms</Extensions>
    </Filter>
    <Filter Include="01. Scene">
      <UniqueIdentifier>{534c2730-7e2e-4599-a13d-40e833294d5d}</UniqueIdentifier>
    </Filter>
    <Filter Include="02. GameObject">
      <UniqueIdentifier>{9466f6d8-8e34-462b-b7f1-db7677137ade}</UniqueIdentifier>
    </Filter>
    <Filter Include="03. Script">
      <UniqueIdentifier>{dbe23b2c-6961-46ec-8a5f-5a49aa048f41}</UniqueIdentifier>
    </Filter>
    <Filter Include="04. Animation">
      <UniqueIdentifier>{b6d06499-73fa-4ebc-9cf4-63972ab78754}</UniqueIdentifier>
    </Filter>
    <Filter Include="02. GameObject\Moon">
      <UniqueIdentifier>{4c84aeb4-2d78-4db8-823c-e940b333b55e}</UniqueIdentifier>
    </Filter>
    <Filter Include="02. GameObject\Aron">
      <UniqueIdentifier>{7d588b68-3f97-4dc5-a54f-16bcc1d8ae16}</UniqueIdentifier>
    </Filter>
    <Filter Include="03. Script\Moon">
      <UniqueIdentifier>{5d07aaad-b927-4650-87bb-5433b633e6ca}</UniqueIdentifier>
    </Filter>
    <Filter Include="04. Animation\Moon">
      <UniqueIdentifier>{a46b33b8-c374-4fa7-8c32-c9bc7ca3e0c8}</UniqueIdentifier>
    </Filter>
    <Filter Include="04. Animation\Aron">
      <UniqueIdentifier>{4c57015f-30f3-43e7-b0a4-22ff3d460e88}</UniqueIdentifier>
    </Filter>
    <Filter Include="03. Script\Aron">
      <UniqueIdentifier>{95c595d9-cec9-46d6-8bed-f8501af70694}</UniqueIdentifier>
    </Filter>
    <Filter Include="03. Script\Yunmo">
      <UniqueIdentifier>{b8f007d0-b2ae-4287-b390-a36c624c8931}</UniqueIdentifier>
    </Filter>
    <Filter Include="02. GameObject\Yunmo">
      <UniqueIdentifier>{67969977-f719-431d-85ba-13d22e3e1ab6}</UniqueIdentifier>
    </Filter>
    <Filter Include="04. Animation\Yunmo">
      <UniqueIdentifier>{1abfba4e-2660-4515-94b9-7df0491186f3}</UniqueIdentifier>
    </Filter>
    <Filter Include="03. Script\Moon\[ Player FSM ]">
      <UniqueIdentifier>{3d97f8a6-f678-4e39-858d-0166c315418f}</UniqueIdentifier>
    </Filter>
    <Filter Include="03. Script\Moon\[ Player FSM ]\[ Action FSM ]">
      <UniqueIdentifier>{e8287579-f5a3-4b76-a5b6-966e57e5adcc}</UniqueIdentifier>
    </Filter>
    <Filter Include="03. Script\Moon\[ Player FSM ]\[ Movement FSM ]">
      <UniqueIdentifier>{a420d795-0bab-4a2f-96e9-fd9f205048be}</UniqueIdentifier>
    </Filter>
  </ItemGroup>
  <ItemGroup>
    <ClCompile Include="Main.cpp">
      <Filter>헤더 파일</Filter>
    </ClCompile>
    <ClCompile Include="EclipseApp.cpp">
      <Filter>소스 파일</Filter>
    </ClCompile>
    <ClCompile Include="Moon_Scene.cpp">
      <Filter>01. Scene</Filter>
    </ClCompile>
    <ClCompile Include="Yunmo_Scene.cpp">
      <Filter>01. Scene</Filter>
    </ClCompile>
    <ClCompile Include="Aron_Scene.cpp">
      <Filter>01. Scene</Filter>
    </ClCompile>
    <ClCompile Include="PlayerFSM.cpp">
      <Filter>03. Script\Moon\[ Player FSM ]</Filter>
    </ClCompile>
    <ClCompile Include="Idle_State.cpp">
      <Filter>03. Script\Moon\[ Player FSM ]\[ Movement FSM ]</Filter>
    </ClCompile>
  </ItemGroup>
  <ItemGroup>
    <ClInclude Include="EclipseApp.h">
      <Filter>헤더 파일</Filter>
    </ClInclude>
    <ClInclude Include="Moon_Scene.h">
      <Filter>01. Scene</Filter>
    </ClInclude>
    <ClInclude Include="Yunmo_Scene.h">
      <Filter>01. Scene</Filter>
    </ClInclude>
    <ClInclude Include="Aron_Scene.h">
      <Filter>01. Scene</Filter>
    </ClInclude>
    <ClInclude Include="Player.h">
      <Filter>02. GameObject\Moon</Filter>
    </ClInclude>
    <ClInclude Include="PlayerFSM.h">
      <Filter>03. Script\Moon\[ Player FSM ]</Filter>
    </ClInclude>
    <ClInclude Include="FSMBase.h">
      <Filter>03. Script\Moon\[ Player FSM ]</Filter>
    </ClInclude>
    <ClInclude Include="PlayerStateBase.h">
      <Filter>03. Script\Moon\[ Player FSM ]</Filter>
    </ClInclude>
    <ClInclude Include="StateBase.h">
      <Filter>03. Script\Moon\[ Player FSM ]</Filter>
    </ClInclude>
    <ClInclude Include="MovementStateBase.h">
      <Filter>03. Script\Moon\[ Player FSM ]\[ Movement FSM ]</Filter>
    </ClInclude>
    <ClInclude Include="MovementFSM.h">
      <Filter>03. Script\Moon\[ Player FSM ]\[ Movement FSM ]</Filter>
    </ClInclude>
    <ClInclude Include="ActionFSM.h">
      <Filter>03. Script\Moon\[ Player FSM ]\[ Action FSM ]</Filter>
    </ClInclude>
    <ClInclude Include="ActionStateBase.h">
      <Filter>03. Script\Moon\[ Player FSM ]\[ Action FSM ]</Filter>
    </ClInclude>
    <ClInclude Include="Idle_State.h">
      <Filter>03. Script\Moon\[ Player FSM ]\[ Movement FSM ]</Filter>
    </ClInclude>
  </ItemGroup>
</Project>